
Microsoft Visual Studio Solution File, Format Version 12.00
# Visual Studio Version 17
VisualStudioVersion = 17.3.32929.385
MinimumVisualStudioVersion = 10.0.40219.1
Project("{FAE04EC0-301F-11D3-BF4B-00C04F79EFBC}") = "GUI", "GUI\GUI.csproj", "{90DC1C32-3F53-4BE4-BCD3-336B41E43508}"
EndProject
Project("{FAE04EC0-301F-11D3-BF4B-00C04F79EFBC}") = "ConsoleUI", "ConsoleUI\VRCOSCUtils\ConsoleUI.csproj", "{21BFD8C6-F587-4C02-B90D-47423BE74A33}"
EndProject
Global
	GlobalSection(SolutionConfigurationPlatforms) = preSolution
		Debug|Any CPU = Debug|Any CPU
		Release|Any CPU = Release|Any CPU
	EndGlobalSection
	GlobalSection(ProjectConfigurationPlatforms) = postSolution
		{90DC1C32-3F53-4BE4-BCD3-336B41E43508}.Debug|Any CPU.ActiveCfg = Debug|Any CPU
		{90DC1C32-3F53-4BE4-BCD3-336B41E43508}.Debug|Any CPU.Build.0 = Debug|Any CPU
		{90DC1C32-3F53-4BE4-BCD3-336B41E43508}.Release|Any CPU.ActiveCfg = Release|Any CPU
		{90DC1C32-3F53-4BE4-BCD3-336B41E43508}.Release|Any CPU.Build.0 = Release|Any CPU
		{21BFD8C6-F587-4C02-B90D-47423BE74A33}.Debug|Any CPU.ActiveCfg = Debug|Any CPU
		{21BFD8C6-F587-4C02-B90D-47423BE74A33}.Debug|Any CPU.Build.0 = Debug|Any CPU
		{21BFD8C6-F587-4C02-B90D-47423BE74A33}.Release|Any CPU.ActiveCfg = Release|Any CPU
		{21BFD8C6-F587-4C02-B90D-47423BE74A33}.Release|Any CPU.Build.0 = Release|Any CPU
	EndGlobalSection
	GlobalSection(SolutionProperties) = preSolution
		HideSolutionNode = FALSE
	EndGlobalSection
	GlobalSection(ExtensibilityGlobals) = postSolution
		SolutionGuid = {ED7F81BD-1584-4947-91D2-8A1A0417B0D6}
	EndGlobalSection
EndGlobal
